
Microsoft Visual Studio Solution File, Format Version 12.00
# Visual Studio Version 17
VisualStudioVersion = 17.3.32819.101
MinimumVisualStudioVersion = 10.0.40219.1
Project("{FAE04EC0-301F-11D3-BF4B-00C04F79EFBC}") = "StockApplicationASPNetWebMVCIndividualIdentity", "StockApplicationASPNetWebMVCIndividualIdentity\StockApplicationASPNetWebMVCIndividualIdentity.csproj", "{E4A0A52D-E490-4F95-9562-5D9491567DC0}"
EndProject
Global
	GlobalSection(SolutionConfigurationPlatforms) = preSolution
		Debug|Any CPU = Debug|Any CPU
		Release|Any CPU = Release|Any CPU
	EndGlobalSection
	GlobalSection(ProjectConfigurationPlatforms) = postSolution
		{E4A0A52D-E490-4F95-9562-5D9491567DC0}.Debug|Any CPU.ActiveCfg = Debug|Any CPU
		{E4A0A52D-E490-4F95-9562-5D9491567DC0}.Debug|Any CPU.Build.0 = Debug|Any CPU
		{E4A0A52D-E490-4F95-9562-5D9491567DC0}.Release|Any CPU.ActiveCfg = Release|Any CPU
		{E4A0A52D-E490-4F95-9562-5D9491567DC0}.Release|Any CPU.Build.0 = Release|Any CPU
	EndGlobalSection
	GlobalSection(SolutionProperties) = preSolution
		HideSolutionNode = FALSE
	EndGlobalSection
	GlobalSection(ExtensibilityGlobals) = postSolution
		SolutionGuid = {46EB1C31-6379-4747-B550-67F822DF31EE}
	EndGlobalSection
EndGlobal
